{
  "name": "@structor-dev/cli",
  "version": "0.2.3",
  "lockfileVersion": 3,
  "requires": true,
  "packages": {
    "": {
      "name": "@structor-dev/cli",
      "version": "0.2.3",
      "license": "MIT",
      "bin": {
        "structor": "bin/structor.mjs"
      },
      "engines": {
        "node": ">=20"
      }
    }
  }
}
